
Microsoft Visual Studio Solution File, Format Version 12.00
# Visual Studio Version 16
VisualStudioVersion = 16.0.30011.22
MinimumVisualStudioVersion = 10.0.40219.1
Project("{9A19103F-16F7-4668-BE54-9A1E7A4F7556}") = "NetCore.Api", "NetCore.Api\NetCore.Api.csproj", "{9AEF2D6A-C261-4EA8-A202-CF1AD61101B3}"
EndProject
Project("{2150E333-8FDC-42A3-9474-1A3956D46DE8}") = "src", "src", "{1B0A0BE4-65A5-40AD-81C0-828BC1317A22}"
EndProject
Project("{2150E333-8FDC-42A3-9474-1A3956D46DE8}") = "tests", "tests", "{9EC4AE61-0A01-4347-8819-21B60E63C47D}"
EndProject
Project("{2150E333-8FDC-42A3-9474-1A3956D46DE8}") = "1.Common", "1.Common", "{2E1E140D-6547-48FF-ACCA-9C4B3578F73E}"
EndProject
Project("{2150E333-8FDC-42A3-9474-1A3956D46DE8}") = "2.WebCore", "2.WebCore", "{045D6CB3-8AD0-4FC9-9343-F0F5FB96F12B}"
EndProject
Project("{2150E333-8FDC-42A3-9474-1A3956D46DE8}") = "3.DbAccess", "3.DbAccess", "{E03896BA-6CA1-446A-B18A-E9E830202B18}"
EndProject
Project("{2150E333-8FDC-42A3-9474-1A3956D46DE8}") = "4.Component", "4.Component", "{830F2758-DF96-4CDF-89BA-4FA10E068C6D}"
EndProject
Project("{2150E333-8FDC-42A3-9474-1A3956D46DE8}") = "5.Model", "5.Model", "{9237BAE9-1DAE-4F94-B4E8-EE57A90AACBC}"
EndProject
Project("{2150E333-8FDC-42A3-9474-1A3956D46DE8}") = "6.Business", "6.Business", "{4A520DBF-90A1-429C-A816-B5BAA1DDE98E}"
EndProject
Project("{2150E333-8FDC-42A3-9474-1A3956D46DE8}") = "7.WebHost", "7.WebHost", "{3CB3912B-209C-41ED-BABE-8F4A8DA2F771}"
EndProject
Project("{9A19103F-16F7-4668-BE54-9A1E7A4F7556}") = "MS.Common", "MS.Common\MS.Common.csproj", "{2E2362E7-C363-4840-B318-354A0AE3D3A9}"
EndProject
Project("{9A19103F-16F7-4668-BE54-9A1E7A4F7556}") = "MS.Entities", "MS.Entities\MS.Entities.csproj", "{0BAF623A-0131-4133-8AA9-5B148B7F02D6}"
EndProject
Project("{9A19103F-16F7-4668-BE54-9A1E7A4F7556}") = "MS.WebCore", "MS.WebCore\MS.WebCore.csproj", "{46D2D4EB-F13E-49FF-A632-EA91E7709ECE}"
EndProject
Project("{9A19103F-16F7-4668-BE54-9A1E7A4F7556}") = "MS.UnitOfWork", "MS.UnitOfWork\MS.UnitOfWork.csproj", "{193414F5-52F0-41DF-B576-1F454E7D83DE}"
EndProject
Project("{9A19103F-16F7-4668-BE54-9A1E7A4F7556}") = "MS.DbContexts", "MS.DbContexts\MS.DbContexts.csproj", "{573304D3-760B-479D-82CE-62AE6E215FC4}"
EndProject
Project("{9A19103F-16F7-4668-BE54-9A1E7A4F7556}") = "MS.Component.Aop", "MS.Component.Aop\MS.Component.Aop.csproj", "{ABBD4EA9-D7E2-4E5E-86A1-CA95E5F414F4}"
EndProject
Project("{9A19103F-16F7-4668-BE54-9A1E7A4F7556}") = "MS.Component.Jwt", "MS.Component.Jwt\MS.Component.Jwt.csproj", "{46E130C3-345E-49C2-A34B-DF1E838961E1}"
EndProject
Project("{9A19103F-16F7-4668-BE54-9A1E7A4F7556}") = "MS.Models", "MS.Models\MS.Models.csproj", "{B135C47A-D101-48B5-BCA9-D700325E8503}"
EndProject
Project("{9A19103F-16F7-4668-BE54-9A1E7A4F7556}") = "MS.Services", "MS.Services\MS.Services.csproj", "{7E677DCC-4B67-4FCB-AF81-691C239B6EC5}"
EndProject
Project("{9A19103F-16F7-4668-BE54-9A1E7A4F7556}") = "MS.WebApi", "MS.WebApi\MS.WebApi.csproj", "{E5B6124C-A7D4-4D9A-B3BF-072EA3DC0151}"
EndProject
Project("{9A19103F-16F7-4668-BE54-9A1E7A4F7556}") = "CommonTests", "CommonTests\CommonTests.csproj", "{5815C68C-4D98-4ACB-8AFF-2842E635BE43}"
EndProject
Project("{FAE04EC0-301F-11D3-BF4B-00C04F79EFBC}") = "WebApiTests", "WebApiTests\WebApiTests.csproj", "{31082857-545E-44F8-A3CA-EA39D77A1871}"
EndProject
Global
	GlobalSection(SolutionConfigurationPlatforms) = preSolution
		Debug|Any CPU = Debug|Any CPU
		Release|Any CPU = Release|Any CPU
	EndGlobalSection
	GlobalSection(ProjectConfigurationPlatforms) = postSolution
		{9AEF2D6A-C261-4EA8-A202-CF1AD61101B3}.Debug|Any CPU.ActiveCfg = Debug|Any CPU
		{9AEF2D6A-C261-4EA8-A202-CF1AD61101B3}.Debug|Any CPU.Build.0 = Debug|Any CPU
		{9AEF2D6A-C261-4EA8-A202-CF1AD61101B3}.Release|Any CPU.ActiveCfg = Release|Any CPU
		{9AEF2D6A-C261-4EA8-A202-CF1AD61101B3}.Release|Any CPU.Build.0 = Release|Any CPU
		{2E2362E7-C363-4840-B318-354A0AE3D3A9}.Debug|Any CPU.ActiveCfg = Debug|Any CPU
		{2E2362E7-C363-4840-B318-354A0AE3D3A9}.Debug|Any CPU.Build.0 = Debug|Any CPU
		{2E2362E7-C363-4840-B318-354A0AE3D3A9}.Release|Any CPU.ActiveCfg = Release|Any CPU
		{2E2362E7-C363-4840-B318-354A0AE3D3A9}.Release|Any CPU.Build.0 = Release|Any CPU
		{0BAF623A-0131-4133-8AA9-5B148B7F02D6}.Debug|Any CPU.ActiveCfg = Debug|Any CPU
		{0BAF623A-0131-4133-8AA9-5B148B7F02D6}.Debug|Any CPU.Build.0 = Debug|Any CPU
		{0BAF623A-0131-4133-8AA9-5B148B7F02D6}.Release|Any CPU.ActiveCfg = Release|Any CPU
		{0BAF623A-0131-4133-8AA9-5B148B7F02D6}.Release|Any CPU.Build.0 = Release|Any CPU
		{46D2D4EB-F13E-49FF-A632-EA91E7709ECE}.Debug|Any CPU.ActiveCfg = Debug|Any CPU
		{46D2D4EB-F13E-49FF-A632-EA91E7709ECE}.Debug|Any CPU.Build.0 = Debug|Any CPU
		{46D2D4EB-F13E-49FF-A632-EA91E7709ECE}.Release|Any CPU.ActiveCfg = Release|Any CPU
		{46D2D4EB-F13E-49FF-A632-EA91E7709ECE}.Release|Any CPU.Build.0 = Release|Any CPU
		{193414F5-52F0-41DF-B576-1F454E7D83DE}.Debug|Any CPU.ActiveCfg = Debug|Any CPU
		{193414F5-52F0-41DF-B576-1F454E7D83DE}.Debug|Any CPU.Build.0 = Debug|Any CPU
		{193414F5-52F0-41DF-B576-1F454E7D83DE}.Release|Any CPU.ActiveCfg = Release|Any CPU
		{193414F5-52F0-41DF-B576-1F454E7D83DE}.Release|Any CPU.Build.0 = Release|Any CPU
		{573304D3-760B-479D-82CE-62AE6E215FC4}.Debug|Any CPU.ActiveCfg = Debug|Any CPU
		{573304D3-760B-479D-82CE-62AE6E215FC4}.Debug|Any CPU.Build.0 = Debug|Any CPU
		{573304D3-760B-479D-82CE-62AE6E215FC4}.Release|Any CPU.ActiveCfg = Release|Any CPU
		{573304D3-760B-479D-82CE-62AE6E215FC4}.Release|Any CPU.Build.0 = Release|Any CPU
		{ABBD4EA9-D7E2-4E5E-86A1-CA95E5F414F4}.Debug|Any CPU.ActiveCfg = Debug|Any CPU
		{ABBD4EA9-D7E2-4E5E-86A1-CA95E5F414F4}.Debug|Any CPU.Build.0 = Debug|Any CPU
		{ABBD4EA9-D7E2-4E5E-86A1-CA95E5F414F4}.Release|Any CPU.ActiveCfg = Release|Any CPU
		{ABBD4EA9-D7E2-4E5E-86A1-CA95E5F414F4}.Release|Any CPU.Build.0 = Release|Any CPU
		{46E130C3-345E-49C2-A34B-DF1E838961E1}.Debug|Any CPU.ActiveCfg = Debug|Any CPU
		{46E130C3-345E-49C2-A34B-DF1E838961E1}.Debug|Any CPU.Build.0 = Debug|Any CPU
		{46E130C3-345E-49C2-A34B-DF1E838961E1}.Release|Any CPU.ActiveCfg = Release|Any CPU
		{46E130C3-345E-49C2-A34B-DF1E838961E1}.Release|Any CPU.Build.0 = Release|Any CPU
		{B135C47A-D101-48B5-BCA9-D700325E8503}.Debug|Any CPU.ActiveCfg = Debug|Any CPU
		{B135C47A-D101-48B5-BCA9-D700325E8503}.Debug|Any CPU.Build.0 = Debug|Any CPU
		{B135C47A-D101-48B5-BCA9-D700325E8503}.Release|Any CPU.ActiveCfg = Release|Any CPU
		{B135C47A-D101-48B5-BCA9-D700325E8503}.Release|Any CPU.Build.0 = Release|Any CPU
		{7E677DCC-4B67-4FCB-AF81-691C239B6EC5}.Debug|Any CPU.ActiveCfg = Debug|Any CPU
		{7E677DCC-4B67-4FCB-AF81-691C239B6EC5}.Debug|Any CPU.Build.0 = Debug|Any CPU
		{7E677DCC-4B67-4FCB-AF81-691C239B6EC5}.Release|Any CPU.ActiveCfg = Release|Any CPU
		{7E677DCC-4B67-4FCB-AF81-691C239B6EC5}.Release|Any CPU.Build.0 = Release|Any CPU
		{E5B6124C-A7D4-4D9A-B3BF-072EA3DC0151}.Debug|Any CPU.ActiveCfg = Debug|Any CPU
		{E5B6124C-A7D4-4D9A-B3BF-072EA3DC0151}.Debug|Any CPU.Build.0 = Debug|Any CPU
		{E5B6124C-A7D4-4D9A-B3BF-072EA3DC0151}.Release|Any CPU.ActiveCfg = Release|Any CPU
		{E5B6124C-A7D4-4D9A-B3BF-072EA3DC0151}.Release|Any CPU.Build.0 = Release|Any CPU
		{5815C68C-4D98-4ACB-8AFF-2842E635BE43}.Debug|Any CPU.ActiveCfg = Debug|Any CPU
		{5815C68C-4D98-4ACB-8AFF-2842E635BE43}.Debug|Any CPU.Build.0 = Debug|Any CPU
		{5815C68C-4D98-4ACB-8AFF-2842E635BE43}.Release|Any CPU.ActiveCfg = Release|Any CPU
		{5815C68C-4D98-4ACB-8AFF-2842E635BE43}.Release|Any CPU.Build.0 = Release|Any CPU
		{31082857-545E-44F8-A3CA-EA39D77A1871}.Debug|Any CPU.ActiveCfg = Debug|Any CPU
		{31082857-545E-44F8-A3CA-EA39D77A1871}.Debug|Any CPU.Build.0 = Debug|Any CPU
		{31082857-545E-44F8-A3CA-EA39D77A1871}.Release|Any CPU.ActiveCfg = Release|Any CPU
		{31082857-545E-44F8-A3CA-EA39D77A1871}.Release|Any CPU.Build.0 = Release|Any CPU
	EndGlobalSection
	GlobalSection(SolutionProperties) = preSolution
		HideSolutionNode = FALSE
	EndGlobalSection
	GlobalSection(NestedProjects) = preSolution
		{2E1E140D-6547-48FF-ACCA-9C4B3578F73E} = {1B0A0BE4-65A5-40AD-81C0-828BC1317A22}
		{045D6CB3-8AD0-4FC9-9343-F0F5FB96F12B} = {1B0A0BE4-65A5-40AD-81C0-828BC1317A22}
		{E03896BA-6CA1-446A-B18A-E9E830202B18} = {1B0A0BE4-65A5-40AD-81C0-828BC1317A22}
		{830F2758-DF96-4CDF-89BA-4FA10E068C6D} = {1B0A0BE4-65A5-40AD-81C0-828BC1317A22}
		{9237BAE9-1DAE-4F94-B4E8-EE57A90AACBC} = {1B0A0BE4-65A5-40AD-81C0-828BC1317A22}
		{4A520DBF-90A1-429C-A816-B5BAA1DDE98E} = {1B0A0BE4-65A5-40AD-81C0-828BC1317A22}
		{3CB3912B-209C-41ED-BABE-8F4A8DA2F771} = {1B0A0BE4-65A5-40AD-81C0-828BC1317A22}
		{2E2362E7-C363-4840-B318-354A0AE3D3A9} = {2E1E140D-6547-48FF-ACCA-9C4B3578F73E}
		{0BAF623A-0131-4133-8AA9-5B148B7F02D6} = {045D6CB3-8AD0-4FC9-9343-F0F5FB96F12B}
		{46D2D4EB-F13E-49FF-A632-EA91E7709ECE} = {045D6CB3-8AD0-4FC9-9343-F0F5FB96F12B}
		{193414F5-52F0-41DF-B576-1F454E7D83DE} = {E03896BA-6CA1-446A-B18A-E9E830202B18}
		{573304D3-760B-479D-82CE-62AE6E215FC4} = {E03896BA-6CA1-446A-B18A-E9E830202B18}
		{ABBD4EA9-D7E2-4E5E-86A1-CA95E5F414F4} = {830F2758-DF96-4CDF-89BA-4FA10E068C6D}
		{46E130C3-345E-49C2-A34B-DF1E838961E1} = {830F2758-DF96-4CDF-89BA-4FA10E068C6D}
		{B135C47A-D101-48B5-BCA9-D700325E8503} = {9237BAE9-1DAE-4F94-B4E8-EE57A90AACBC}
		{7E677DCC-4B67-4FCB-AF81-691C239B6EC5} = {4A520DBF-90A1-429C-A816-B5BAA1DDE98E}
		{E5B6124C-A7D4-4D9A-B3BF-072EA3DC0151} = {3CB3912B-209C-41ED-BABE-8F4A8DA2F771}
		{5815C68C-4D98-4ACB-8AFF-2842E635BE43} = {9EC4AE61-0A01-4347-8819-21B60E63C47D}
		{31082857-545E-44F8-A3CA-EA39D77A1871} = {9EC4AE61-0A01-4347-8819-21B60E63C47D}
	EndGlobalSection
	GlobalSection(ExtensibilityGlobals) = postSolution
		SolutionGuid = {13CFF2F3-0064-4A25-A1CB-B9932477AB7F}
	EndGlobalSection
EndGlobal
